// !$*UTF8*$!
{
	archiveVersion = 1;
	classes = {
	};
	objectVersion = 46;
	objects = {

/* Begin PBXBuildFile section */
		413737441DC47E7A0073F786 /* AppDelegate.swift in Sources */ = {isa = PBXBuildFile; fileRef = 413737431DC47E7A0073F786 /* AppDelegate.swift */; };
		413737461DC47E7A0073F786 /* ViewController.swift in Sources */ = {isa = PBXBuildFile; fileRef = 413737451DC47E7A0073F786 /* ViewController.swift */; };
		413737491DC47E7A0073F786 /* Main.storyboard in Resources */ = {isa = PBXBuildFile; fileRef = 413737471DC47E7A0073F786 /* Main.storyboard */; };
		4137374B1DC47E7A0073F786 /* Assets.xcassets in Resources */ = {isa = PBXBuildFile; fileRef = 4137374A1DC47E7A0073F786 /* Assets.xcassets */; };
		4137374E1DC47E7A0073F786 /* LaunchScreen.storyboard in Resources */ = {isa = PBXBuildFile; fileRef = 4137374C1DC47E7A0073F786 /* LaunchScreen.storyboard */; };
/* End PBXBuildFile section */

/* Begin PBXFileReference section */
		413737401DC47E7A0073F786 /* MatyneeMobile.app */ = {isa = PBXFileReference; explicitFileType = wrapper.application; includeInIndex = 0; path = MatyneeMobile.app; sourceTree = BUILT_PRODUCTS_DIR; };
		413737431DC47E7A0073F786 /* AppDelegate.swift */ = {isa = PBXFileReference; lastKnownFileType = sourcecode.swift; path = AppDelegate.swift; sourceTree = "<group>"; };
		413737451DC47E7A0073F786 /* ViewController.swift */ = {isa = PBXFileReference; lastKnownFileType = sourcecode.swift; path = ViewController.swift; sourceTree = "<group>"; };
		413737481DC47E7A0073F786 /* Base */ = {isa = PBXFileReference; lastKnownFileType = file.storyboard; name = Base; path = Base.lproj/Main.storyboard; sourceTree = "<group>"; };
		4137374A1DC47E7A0073F786 /* Assets.xcassets */ = {isa = PBXFileReference; lastKnownFileType = folder.assetcatalog; path = Assets.xcassets; sourceTree = "<group>"; };
		4137374D1DC47E7A0073F786 /* Base */ = {isa = PBXFileReference; lastKnownFileType = file.storyboard; name = Base; path = Base.lproj/LaunchScreen.storyboard; sourceTree = "<group>"; };
		4137374F1DC47E7A0073F786 /* Info.plist */ = {isa = PBXFileReference; lastKnownFileType = text.plist.xml; path = Info.plist; sourceTree = "<group>"; };
/* End PBXFileReference section */

/* Begin PBXFrameworksBuildPhase section */
		4137373D1DC47E790073F786 /* Frameworks */ = {
			isa = PBXFrameworksBuildPhase;
			buildActionMask = 2147483647;
			files = (
			);
			runOnlyForDeploymentPostprocessing = 0;
		};
/* End PBXFrameworksBuildPhase section */

/* Begin PBXGroup section */
		413737371DC47E790073F786 = {
			isa = PBXGroup;
			children = (
				413737421DC47E7A0073F786 /* MatyneeMobile */,
				413737411DC47E7A0073F786 /* Products */,
			);
			sourceTree = "<group>";
		};
		413737411DC47E7A0073F786 /* Products */ = {
			isa = PBXGroup;
			children = (
				413737401DC47E7A0073F786 /* MatyneeMobile.app */,
			);
			name = Products;
			sourceTree = "<group>";
		};
		413737421DC47E7A0073F786 /* MatyneeMobile */ = {
			isa = PBXGroup;
			children = (
				413737431DC47E7A0073F786 /* AppDelegate.swift */,
				413737451DC47E7A0073F786 /* ViewController.swift */,
				413737471DC47E7A0073F786 /* Main.storyboard */,
				4137374A1DC47E7A0073F786 /* Assets.xcassets */,
				4137374C1DC47E7A0073F786 /* LaunchScreen.storyboard */,
				4137374F1DC47E7A0073F786 /* Info.plist */,
			);
			path = MatyneeMobile;
			sourceTree = "<group>";
		};
/* End PBXGroup section */

/* Begin PBXNativeTarget section */
		4137373F1DC47E790073F786 /* MatyneeMobile */ = {
			isa = PBXNativeTarget;
			buildConfigurationList = 413737521DC47E7A0073F786 /* Build configuration list for PBXNativeTarget "MatyneeMobile" */;
			buildPhases = (
				4137373C1DC47E790073F786 /* Sources */,
				4137373D1DC47E790073F786 /* Frameworks */,
				4137373E1DC47E790073F786 /* Resources */,
			);
			buildRules = (
			);
			dependencies = (
			);
			name = MatyneeMobile;
			productName = MatyneeMobile;
			productReference = 413737401DC47E7A0073F786 /* MatyneeMobile.app */;
			productType = "com.apple.product-type.application";
		};
/* End PBXNativeTarget section */

/* Begin PBXProject section */
		413737381DC47E790073F786 /* Project object */ = {
			isa = PBXProject;
			attributes = {
				LastSwiftUpdateCheck = 0800;
				LastUpgradeCheck = 0800;
				ORGANIZATIONNAME = Ivo;
				TargetAttributes = {
					4137373F1DC47E790073F786 = {
						CreatedOnToolsVersion = 8.0;
						ProvisioningStyle = Automatic;
					};
				};
			};
			buildConfigurationList = 4137373B1DC47E790073F786 /* Build configuration list for PBXProject "MatyneeMobile" */;
			compatibilityVersion = "Xcode 3.2";
			developmentRegion = English;
			hasScannedForEncodings = 0;
			knownRegions = (
				en,
				Base,
			);
			mainGroup = 413737371DC47E790073F786;
			productRefGroup = 413737411DC47E7A0073F786 /* Products */;
			projectDirPath = "";
			projectRoot = "";
			targets = (
				4137373F1DC47E790073F786 /* MatyneeMobile */,
			);
		};
/* End PBXProject section */

/* Begin PBXResourcesBuildPhase section */
		4137373E1DC47E790073F786 /* Resources */ = {
			isa = PBXResourcesBuildPhase;
			buildActionMask = 2147483647;
			files = (
				4137374E1DC47E7A0073F786 /* LaunchScreen.storyboard in Resources */,
				4137374B1DC47E7A0073F786 /* Assets.xcassets in Resources */,
				413737491DC47E7A0073F786 /* Main.storyboard in Resources */,
			);
			runOnlyForDeploymentPostprocessing = 0;
		};
/* End PBXResourcesBuildPhase section */

/* Begin PBXSourcesBuildPhase section */
		4137373C1DC47E790073F786 /* Sources */ = {
			isa = PBXSourcesBuildPhase;
			buildActionMask = 2147483647;
			files = (
				413737461DC47E7A0073F786 /* ViewController.swift in Sources */,
				413737441DC47E7A0073F786 /* AppDelegate.swift in Sources */,
			);
			runOnlyForDeploymentPostprocessing = 0;
		};
/* End PBXSourcesBuildPhase section */

/* Begin PBXVariantGroup section */
		413737471DC47E7A0073F786 /* Main.storyboard */ = {
			isa = PBXVariantGroup;
			children = (
				413737481DC47E7A0073F786 /* Base */,
			);
			name = Main.storyboard;
			sourceTree = "<group>";
		};
		4137374C1DC47E7A0073F786 /* LaunchScreen.storyboard */ = {
			isa = PBXVariantGroup;
			children = (
				4137374D1DC47E7A0073F786 /* Base */,
			);
			name = LaunchScreen.storyboard;
			sourceTree = "<group>";
		};
/* End PBXVariantGroup section */

/* Begin XCBuildConfiguration section */
		413737501DC47E7A0073F786 /* Debug */ = {
			isa = XCBuildConfiguration;
			buildSettings = {
				ALWAYS_SEARCH_USER_PATHS = NO;
				CLANG_ANALYZER_NONNULL = YES;
				CLANG_CXX_LANGUAGE_STANDARD = "gnu++0x";
				CLANG_CXX_LIBRARY = "libc++";
				CLANG_ENABLE_MODULES = YES;
				CLANG_ENABLE_OBJC_ARC = YES;
				CLANG_WARN_BOOL_CONVERSION = YES;
				CLANG_WARN_CONSTANT_CONVERSION = YES;
				CLANG_WARN_DIRECT_OBJC_ISA_USAGE = YES_ERROR;
				CLANG_WARN_DOCUMENTATION_COMMENTS = YES;
				CLANG_WARN_EMPTY_BODY = YES;
				CLANG_WARN_ENUM_CONVERSION = YES;
				CLANG_WARN_INFINITE_RECURSION = YES;
				CLANG_WARN_INT_CONVERSION = YES;
				CLANG_WARN_OBJC_ROOT_CLASS = YES_ERROR;
				CLANG_WARN_SUSPICIOUS_MOVES = YES;
				CLANG_WARN_UNREACHABLE_CODE = YES;
				CLANG_WARN__DUPLICATE_METHOD_MATCH = YES;
				"CODE_SIGN_IDENTITY[sdk=iphoneos*]" = "iPhone Developer";
				COPY_PHASE_STRIP = NO;
				DEBUG_INFORMATION_FORMAT = dwarf;
				ENABLE_STRICT_OBJC_MSGSEND = YES;
				ENABLE_TESTABILITY = YES;
				GCC_C_LANGUAGE_STANDARD = gnu99;
				GCC_DYNAMIC_NO_PIC = NO;
				GCC_NO_COMMON_BLOCKS = YES;
				GCC_OPTIMIZATION_LEVEL = 0;
				GCC_PREPROCESSOR_DEFINITIONS = (
					"DEBUG=1",
					"$(inherited)",
				);
				GCC_WARN_64_TO_32_BIT_CONVERSION = YES;
				GCC_WARN_ABOUT_RETURN_TYPE = YES_ERROR;
				GCC_WARN_UNDECLARED_SELECTOR = YES;
				GCC_WARN_UNINITIALIZED_AUTOS = YES_AGGRESSIVE;
				GCC_WARN_UNUSED_FUNCTION = YES;
				GCC_WARN_UNUSED_VARIABLE = YES;
				IPHONEOS_DEPLOYMENT_TARGET = 10.0;
				MTL_ENABLE_DEBUG_INFO = YES;
				ONLY_ACTIVE_ARCH = YES;
				SDKROOT = iphoneos;
				SWIFT_ACTIVE_COMPILATION_CONDITIONS = DEBUG;
				SWIFT_OPTIMIZATION_LEVEL = "-Onone";
				TARGETED_DEVICE_FAMILY = "1,2";
			};
			name = Debug;
		};
		413737511DC47E7A0073F786 /* Release */ = {
			isa = XCBuildConfiguration;
			buildSettings = {
				ALWAYS_SEARCH_USER_PATHS = NO;
				CLANG_ANALYZER_NONNULL = YES;
				CLANG_CXX_LANGUAGE_STANDARD = "gnu++0x";
				CLANG_CXX_LIBRARY = "libc++";
				CLANG_ENABLE_MODULES = YES;
				CLANG_ENABLE_OBJC_ARC = YES;
				CLANG_WARN_BOOL_CONVERSION = YES;
				CLANG_WARN_CONSTANT_CONVERSION = YES;
				CLANG_WARN_DIRECT_OBJC_ISA_USAGE = YES_ERROR;
				CLANG_WARN_DOCUMENTATION_COMMENTS = YES;
				CLANG_WARN_EMPTY_BODY = YES;
				CLANG_WARN_ENUM_CONVERSION = YES;
				CLANG_WARN_INFINITE_RECURSION = YES;
				CLANG_WARN_INT_CONVERSION = YES;
				CLANG_WARN_OBJC_ROOT_CLASS = YES_ERROR;
				CLANG_WARN_SUSPICIOUS_MOVES = YES;
				CLANG_WARN_UNREACHABLE_CODE = YES;
				CLANG_WARN__DUPLICATE_METHOD_MATCH = YES;
				"CODE_SIGN_IDENTITY[sdk=iphoneos*]" = "iPhone Developer";
				COPY_PHASE_STRIP = NO;
				DEBUG_INFORMATION_FORMAT = "dwarf-with-dsym";
				ENABLE_NS_ASSERTIONS = NO;
				ENABLE_STRICT_OBJC_MSGSEND = YES;
				GCC_C_LANGUAGE_STANDARD = gnu99;
				GCC_NO_COMMON_BLOCKS = YES;
				GCC_WARN_64_TO_32_BIT_CONVERSION = YES;
				GCC_WARN_ABOUT_RETURN_TYPE = YES_ERROR;
				GCC_WARN_UNDECLARED_SELECTOR = YES;
				GCC_WARN_UNINITIALIZED_AUTOS = YES_AGGRESSIVE;
				GCC_WARN_UNUSED_FUNCTION = YES;
				GCC_WARN_UNUSED_VARIABLE = YES;
				IPHONEOS_DEPLOYMENT_TARGET = 10.0;
				MTL_ENABLE_DEBUG_INFO = NO;
				SDKROOT = iphoneos;
				SWIFT_OPTIMIZATION_LEVEL = "-Owholemodule";
				TARGETED_DEVICE_FAMILY = "1,2";
				VALIDATE_PRODUCT = YES;
			};
			name = Release;
		};
		413737531DC47E7A0073F786 /* Debug */ = {
			isa = XCBuildConfiguration;
			buildSettings = {
				ASSETCATALOG_COMPILER_APPICON_NAME = AppIcon;
				INFOPLIST_FILE = MatyneeMobile/Info.plist;
				LD_RUNPATH_SEARCH_PATHS = "$(inherited) @executable_path/Frameworks";
				PRODUCT_BUNDLE_IDENTIFIER = Matynee.com.MatyneeMobile;
				PRODUCT_NAME = "$(TARGET_NAME)";
				SWIFT_VERSION = 3.0;
			};
			name = Debug;
		};
		413737541DC47E7A0073F786 /* Release */ = {
			isa = XCBuildConfiguration;
			buildSettings = {
				ASSETCATALOG_COMPILER_APPICON_NAME = AppIcon;
				INFOPLIST_FILE = MatyneeMobile/Info.plist;
				LD_RUNPATH_SEARCH_PATHS = "$(inherited) @executable_path/Frameworks";
				PRODUCT_BUNDLE_IDENTIFIER = Matynee.com.MatyneeMobile;
				PRODUCT_NAME = "$(TARGET_NAME)";
				SWIFT_VERSION = 3.0;
			};
			name = Release;
		};
/* End XCBuildConfiguration section */

/* Begin XCConfigurationList section */
		4137373B1DC47E790073F786 /* Build configuration list for PBXProject "MatyneeMobile" */ = {
			isa = XCConfigurationList;
			buildConfigurations = (
				413737501DC47E7A0073F786 /* Debug */,
				413737511DC47E7A0073F786 /* Release */,
			);
			defaultConfigurationIsVisible = 0;
			defaultConfigurationName = Release;
		};
		413737521DC47E7A0073F786 /* Build configuration list for PBXNativeTarget "MatyneeMobile" */ = {
			isa = XCConfigurationList;
			buildConfigurations = (
				413737531DC47E7A0073F786 /* Debug */,
				413737541DC47E7A0073F786 /* Release */,
			);
			defaultConfigurationIsVisible = 0;
		};
/* End XCConfigurationList section */
	};
	rootObject = 413737381DC47E790073F786 /* Project object */;
}
